
Microsoft Visual Studio Solution File, Format Version 12.00
# Visual Studio Version 16
VisualStudioVersion = 16.0.31205.134
MinimumVisualStudioVersion = 10.0.40219.1
Project("{FAE04EC0-301F-11D3-BF4B-00C04F79EFBC}") = "ProcessoSeletivo-DTI", "ProcessoSeletivo-DTI\ProcessoSeletivo-DTI.csproj", "{B017CB0F-F22E-491F-8DEE-F01325F4A8ED}"
EndProject
Global
	GlobalSection(SolutionConfigurationPlatforms) = preSolution
		Debug|Any CPU = Debug|Any CPU
		Release|Any CPU = Release|Any CPU
	EndGlobalSection
	GlobalSection(ProjectConfigurationPlatforms) = postSolution
		{B017CB0F-F22E-491F-8DEE-F01325F4A8ED}.Debug|Any CPU.ActiveCfg = Debug|Any CPU
		{B017CB0F-F22E-491F-8DEE-F01325F4A8ED}.Debug|Any CPU.Build.0 = Debug|Any CPU
		{B017CB0F-F22E-491F-8DEE-F01325F4A8ED}.Release|Any CPU.ActiveCfg = Release|Any CPU
		{B017CB0F-F22E-491F-8DEE-F01325F4A8ED}.Release|Any CPU.Build.0 = Release|Any CPU
	EndGlobalSection
	GlobalSection(SolutionProperties) = preSolution
		HideSolutionNode = FALSE
	EndGlobalSection
	GlobalSection(ExtensibilityGlobals) = postSolution
		SolutionGuid = {8941F29F-6C49-41C4-9E66-FD806B56427F}
	EndGlobalSection
EndGlobal
